// !$*UTF8*$!
{
	archiveVersion = 1;
	classes = {
	};
	objectVersion = 50;
	objects = {

/* Begin PBXBuildFile section */
		693047B523751EA2004636FB /* CategoryPickerViewController.swift in Sources */ = {isa = PBXBuildFile; fileRef = 693047B423751EA2004636FB /* CategoryPickerViewController.swift */; };
		693047B723756C34004636FB /* HudView.swift in Sources */ = {isa = PBXBuildFile; fileRef = 693047B623756C34004636FB /* HudView.swift */; };
		6933C0842372DD3B004D6029 /* AppDelegate.swift in Sources */ = {isa = PBXBuildFile; fileRef = 6933C0832372DD3B004D6029 /* AppDelegate.swift */; };
		6933C0862372DD3B004D6029 /* SceneDelegate.swift in Sources */ = {isa = PBXBuildFile; fileRef = 6933C0852372DD3B004D6029 /* SceneDelegate.swift */; };
		6933C0882372DD3B004D6029 /* CurrentLocationViewController.swift in Sources */ = {isa = PBXBuildFile; fileRef = 6933C0872372DD3B004D6029 /* CurrentLocationViewController.swift */; };
		6933C08A2372DD3B004D6029 /* SecondViewController.swift in Sources */ = {isa = PBXBuildFile; fileRef = 6933C0892372DD3B004D6029 /* SecondViewController.swift */; };
		6933C08D2372DD3B004D6029 /* Main.storyboard in Resources */ = {isa = PBXBuildFile; fileRef = 6933C08B2372DD3B004D6029 /* Main.storyboard */; };
		6933C08F2372DD3E004D6029 /* Assets.xcassets in Resources */ = {isa = PBXBuildFile; fileRef = 6933C08E2372DD3E004D6029 /* Assets.xcassets */; };
		6933C0922372DD3E004D6029 /* LaunchScreen.storyboard in Resources */ = {isa = PBXBuildFile; fileRef = 6933C0902372DD3E004D6029 /* LaunchScreen.storyboard */; };
		69E2473C23741C320012AC6C /* LocationDetailsViewController.swift in Sources */ = {isa = PBXBuildFile; fileRef = 69E2473B23741C320012AC6C /* LocationDetailsViewController.swift */; };
		69E4ECD02379081500409393 /* Functions.swift in Sources */ = {isa = PBXBuildFile; fileRef = 69E4ECCF2379081500409393 /* Functions.swift */; };
		69E4ECD323790D4300409393 /* DataModel.xcdatamodeld in Sources */ = {isa = PBXBuildFile; fileRef = 69E4ECD123790D4300409393 /* DataModel.xcdatamodeld */; };
		69E4ECD6237912EF00409393 /* Location+CoreDataClass.swift in Sources */ = {isa = PBXBuildFile; fileRef = 69E4ECD4237912EF00409393 /* Location+CoreDataClass.swift */; };
		69E4ECD7237912EF00409393 /* Location+CoreDataProperties.swift in Sources */ = {isa = PBXBuildFile; fileRef = 69E4ECD5237912EF00409393 /* Location+CoreDataProperties.swift */; };
		69E4ECD923796F2E00409393 /* LocationsViewController.swift in Sources */ = {isa = PBXBuildFile; fileRef = 69E4ECD823796F2E00409393 /* LocationsViewController.swift */; };
		69FF56AC237A6EAB004F90D4 /* LocationCell.swift in Sources */ = {isa = PBXBuildFile; fileRef = 69FF56AB237A6EAB004F90D4 /* LocationCell.swift */; };
		69FF56AF237AAF59004F90D4 /* MapKit.framework in Frameworks */ = {isa = PBXBuildFile; fileRef = 69FF56AE237AAF59004F90D4 /* MapKit.framework */; };
		69FF56B1237AB077004F90D4 /* MapViewController.swift in Sources */ = {isa = PBXBuildFile; fileRef = 69FF56B0237AB077004F90D4 /* MapViewController.swift */; };
/* End PBXBuildFile section */

/* Begin PBXFileReference section */
		693047B423751EA2004636FB /* CategoryPickerViewController.swift */ = {isa = PBXFileReference; lastKnownFileType = sourcecode.swift; path = CategoryPickerViewController.swift; sourceTree = "<group>"; };
		693047B623756C34004636FB /* HudView.swift */ = {isa = PBXFileReference; lastKnownFileType = sourcecode.swift; path = HudView.swift; sourceTree = "<group>"; };
		6933C0802372DD3B004D6029 /* MyLocations_App.app */ = {isa = PBXFileReference; explicitFileType = wrapper.application; includeInIndex = 0; path = MyLocations_App.app; sourceTree = BUILT_PRODUCTS_DIR; };
		6933C0832372DD3B004D6029 /* AppDelegate.swift */ = {isa = PBXFileReference; lastKnownFileType = sourcecode.swift; path = AppDelegate.swift; sourceTree = "<group>"; };
		6933C0852372DD3B004D6029 /* SceneDelegate.swift */ = {isa = PBXFileReference; lastKnownFileType = sourcecode.swift; path = SceneDelegate.swift; sourceTree = "<group>"; };
		6933C0872372DD3B004D6029 /* CurrentLocationViewController.swift */ = {isa = PBXFileReference; lastKnownFileType = sourcecode.swift; path = CurrentLocationViewController.swift; sourceTree = "<group>"; };
		6933C0892372DD3B004D6029 /* SecondViewController.swift */ = {isa = PBXFileReference; lastKnownFileType = sourcecode.swift; path = SecondViewController.swift; sourceTree = "<group>"; };
		6933C08C2372DD3B004D6029 /* Base */ = {isa = PBXFileReference; lastKnownFileType = file.storyboard; name = Base; path = Base.lproj/Main.storyboard; sourceTree = "<group>"; };
		6933C08E2372DD3E004D6029 /* Assets.xcassets */ = {isa = PBXFileReference; lastKnownFileType = folder.assetcatalog; path = Assets.xcassets; sourceTree = "<group>"; };
		6933C0912372DD3E004D6029 /* Base */ = {isa = PBXFileReference; lastKnownFileType = file.storyboard; name = Base; path = Base.lproj/LaunchScreen.storyboard; sourceTree = "<group>"; };
		6933C0932372DD3E004D6029 /* Info.plist */ = {isa = PBXFileReference; lastKnownFileType = text.plist.xml; path = Info.plist; sourceTree = "<group>"; };
		69E2473B23741C320012AC6C /* LocationDetailsViewController.swift */ = {isa = PBXFileReference; lastKnownFileType = sourcecode.swift; path = LocationDetailsViewController.swift; sourceTree = "<group>"; };
		69E4ECCF2379081500409393 /* Functions.swift */ = {isa = PBXFileReference; lastKnownFileType = sourcecode.swift; path = Functions.swift; sourceTree = "<group>"; };
		69E4ECD223790D4300409393 /* DataModel.xcdatamodel */ = {isa = PBXFileReference; lastKnownFileType = wrapper.xcdatamodel; path = DataModel.xcdatamodel; sourceTree = "<group>"; };
		69E4ECD4237912EF00409393 /* Location+CoreDataClass.swift */ = {isa = PBXFileReference; lastKnownFileType = sourcecode.swift; path = "Location+CoreDataClass.swift"; sourceTree = "<group>"; };
		69E4ECD5237912EF00409393 /* Location+CoreDataProperties.swift */ = {isa = PBXFileReference; lastKnownFileType = sourcecode.swift; path = "Location+CoreDataProperties.swift"; sourceTree = "<group>"; };
		69E4ECD823796F2E00409393 /* LocationsViewController.swift */ = {isa = PBXFileReference; lastKnownFileType = sourcecode.swift; path = LocationsViewController.swift; sourceTree = "<group>"; };
		69FF56AB237A6EAB004F90D4 /* LocationCell.swift */ = {isa = PBXFileReference; lastKnownFileType = sourcecode.swift; path = LocationCell.swift; sourceTree = "<group>"; };
		69FF56AE237AAF59004F90D4 /* MapKit.framework */ = {isa = PBXFileReference; lastKnownFileType = wrapper.framework; name = MapKit.framework; path = System/Library/Frameworks/MapKit.framework; sourceTree = SDKROOT; };
		69FF56B0237AB077004F90D4 /* MapViewController.swift */ = {isa = PBXFileReference; lastKnownFileType = sourcecode.swift; path = MapViewController.swift; sourceTree = "<group>"; };
/* End PBXFileReference section */

/* Begin PBXFrameworksBuildPhase section */
		6933C07D2372DD3B004D6029 /* Frameworks */ = {
			isa = PBXFrameworksBuildPhase;
			buildActionMask = 2147483647;
			files = (
				69FF56AF237AAF59004F90D4 /* MapKit.framework in Frameworks */,
			);
			runOnlyForDeploymentPostprocessing = 0;
		};
/* End PBXFrameworksBuildPhase section */

/* Begin PBXGroup section */
		6933C0772372DD3B004D6029 = {
			isa = PBXGroup;
			children = (
				69E4ECD4237912EF00409393 /* Location+CoreDataClass.swift */,
				69E4ECD5237912EF00409393 /* Location+CoreDataProperties.swift */,
				6933C0822372DD3B004D6029 /* MyLocations_App */,
				6933C0812372DD3B004D6029 /* Products */,
				69FF56AD237AAF59004F90D4 /* Frameworks */,
			);
			sourceTree = "<group>";
		};
		6933C0812372DD3B004D6029 /* Products */ = {
			isa = PBXGroup;
			children = (
				6933C0802372DD3B004D6029 /* MyLocations_App.app */,
			);
			name = Products;
			sourceTree = "<group>";
		};
		6933C0822372DD3B004D6029 /* MyLocations_App */ = {
			isa = PBXGroup;
			children = (
				6933C0832372DD3B004D6029 /* AppDelegate.swift */,
				6933C0852372DD3B004D6029 /* SceneDelegate.swift */,
				6933C0872372DD3B004D6029 /* CurrentLocationViewController.swift */,
				6933C0892372DD3B004D6029 /* SecondViewController.swift */,
				6933C08B2372DD3B004D6029 /* Main.storyboard */,
				6933C08E2372DD3E004D6029 /* Assets.xcassets */,
				6933C0902372DD3E004D6029 /* LaunchScreen.storyboard */,
				6933C0932372DD3E004D6029 /* Info.plist */,
				69E2473B23741C320012AC6C /* LocationDetailsViewController.swift */,
				693047B423751EA2004636FB /* CategoryPickerViewController.swift */,
				693047B623756C34004636FB /* HudView.swift */,
				69E4ECCF2379081500409393 /* Functions.swift */,
				69E4ECD123790D4300409393 /* DataModel.xcdatamodeld */,
				69E4ECD823796F2E00409393 /* LocationsViewController.swift */,
				69FF56AB237A6EAB004F90D4 /* LocationCell.swift */,
				69FF56B0237AB077004F90D4 /* MapViewController.swift */,
			);
			path = MyLocations_App;
			sourceTree = "<group>";
		};
		69FF56AD237AAF59004F90D4 /* Frameworks */ = {
			isa = PBXGroup;
			children = (
				69FF56AE237AAF59004F90D4 /* MapKit.framework */,
			);
			name = Frameworks;
			sourceTree = "<group>";
		};
/* End PBXGroup section */

/* Begin PBXNativeTarget section */
		6933C07F2372DD3B004D6029 /* MyLocations_App */ = {
			isa = PBXNativeTarget;
			buildConfigurationList = 6933C0962372DD3E004D6029 /* Build configuration list for PBXNativeTarget "MyLocations_App" */;
			buildPhases = (
				6933C07C2372DD3B004D6029 /* Sources */,
				6933C07D2372DD3B004D6029 /* Frameworks */,
				6933C07E2372DD3B004D6029 /* Resources */,
			);
			buildRules = (
			);
			dependencies = (
			);
			name = MyLocations_App;
			productName = MyLocations_App;
			productReference = 6933C0802372DD3B004D6029 /* MyLocations_App.app */;
			productType = "com.apple.product-type.application";
		};
/* End PBXNativeTarget section */

/* Begin PBXProject section */
		6933C0782372DD3B004D6029 /* Project object */ = {
			isa = PBXProject;
			attributes = {
				LastSwiftUpdateCheck = 1120;
				LastUpgradeCheck = 1120;
				ORGANIZATIONNAME = "Nguyen Dinh Thanh Long";
				TargetAttributes = {
					6933C07F2372DD3B004D6029 = {
						CreatedOnToolsVersion = 11.2;
					};
				};
			};
			buildConfigurationList = 6933C07B2372DD3B004D6029 /* Build configuration list for PBXProject "MyLocations_App" */;
			compatibilityVersion = "Xcode 9.3";
			developmentRegion = en;
			hasScannedForEncodings = 0;
			knownRegions = (
				en,
				Base,
			);
			mainGroup = 6933C0772372DD3B004D6029;
			productRefGroup = 6933C0812372DD3B004D6029 /* Products */;
			projectDirPath = "";
			projectRoot = "";
			targets = (
				6933C07F2372DD3B004D6029 /* MyLocations_App */,
			);
		};
/* End PBXProject section */

/* Begin PBXResourcesBuildPhase section */
		6933C07E2372DD3B004D6029 /* Resources */ = {
			isa = PBXResourcesBuildPhase;
			buildActionMask = 2147483647;
			files = (
				6933C0922372DD3E004D6029 /* LaunchScreen.storyboard in Resources */,
				6933C08F2372DD3E004D6029 /* Assets.xcassets in Resources */,
				6933C08D2372DD3B004D6029 /* Main.storyboard in Resources */,
			);
			runOnlyForDeploymentPostprocessing = 0;
		};
/* End PBXResourcesBuildPhase section */

/* Begin PBXSourcesBuildPhase section */
		6933C07C2372DD3B004D6029 /* Sources */ = {
			isa = PBXSourcesBuildPhase;
			buildActionMask = 2147483647;
			files = (
				693047B523751EA2004636FB /* CategoryPickerViewController.swift in Sources */,
				6933C08A2372DD3B004D6029 /* SecondViewController.swift in Sources */,
				69E4ECD7237912EF00409393 /* Location+CoreDataProperties.swift in Sources */,
				6933C0882372DD3B004D6029 /* CurrentLocationViewController.swift in Sources */,
				69E4ECD02379081500409393 /* Functions.swift in Sources */,
				69FF56AC237A6EAB004F90D4 /* LocationCell.swift in Sources */,
				6933C0842372DD3B004D6029 /* AppDelegate.swift in Sources */,
				6933C0862372DD3B004D6029 /* SceneDelegate.swift in Sources */,
				69E4ECD323790D4300409393 /* DataModel.xcdatamodeld in Sources */,
				693047B723756C34004636FB /* HudView.swift in Sources */,
				69E4ECD6237912EF00409393 /* Location+CoreDataClass.swift in Sources */,
				69E2473C23741C320012AC6C /* LocationDetailsViewController.swift in Sources */,
				69E4ECD923796F2E00409393 /* LocationsViewController.swift in Sources */,
				69FF56B1237AB077004F90D4 /* MapViewController.swift in Sources */,
			);
			runOnlyForDeploymentPostprocessing = 0;
		};
/* End PBXSourcesBuildPhase section */

/* Begin PBXVariantGroup section */
		6933C08B2372DD3B004D6029 /* Main.storyboard */ = {
			isa = PBXVariantGroup;
			children = (
				6933C08C2372DD3B004D6029 /* Base */,
			);
			name = Main.storyboard;
			sourceTree = "<group>";
		};
		6933C0902372DD3E004D6029 /* LaunchScreen.storyboard */ = {
			isa = PBXVariantGroup;
			children = (
				6933C0912372DD3E004D6029 /* Base */,
			);
			name = LaunchScreen.storyboard;
			sourceTree = "<group>";
		};
/* End PBXVariantGroup section */

/* Begin XCBuildConfiguration section */
		6933C0942372DD3E004D6029 /* Debug */ = {
			isa = XCBuildConfiguration;
			buildSettings = {
				ALWAYS_SEARCH_USER_PATHS = NO;
				CLANG_ANALYZER_NONNULL = YES;
				CLANG_ANALYZER_NUMBER_OBJECT_CONVERSION = YES_AGGRESSIVE;
				CLANG_CXX_LANGUAGE_STANDARD = "gnu++14";
				CLANG_CXX_LIBRARY = "libc++";
				CLANG_ENABLE_MODULES = YES;
				CLANG_ENABLE_OBJC_ARC = YES;
				CLANG_ENABLE_OBJC_WEAK = YES;
				CLANG_WARN_BLOCK_CAPTURE_AUTORELEASING = YES;
				CLANG_WARN_BOOL_CONVERSION = YES;
				CLANG_WARN_COMMA = YES;
				CLANG_WARN_CONSTANT_CONVERSION = YES;
				CLANG_WARN_DEPRECATED_OBJC_IMPLEMENTATIONS = YES;
				CLANG_WARN_DIRECT_OBJC_ISA_USAGE = YES_ERROR;
				CLANG_WARN_DOCUMENTATION_COMMENTS = YES;
				CLANG_WARN_EMPTY_BODY = YES;
				CLANG_WARN_ENUM_CONVERSION = YES;
				CLANG_WARN_INFINITE_RECURSION = YES;
				CLANG_WARN_INT_CONVERSION = YES;
				CLANG_WARN_NON_LITERAL_NULL_CONVERSION = YES;
				CLANG_WARN_OBJC_IMPLICIT_RETAIN_SELF = YES;
				CLANG_WARN_OBJC_LITERAL_CONVERSION = YES;
				CLANG_WARN_OBJC_ROOT_CLASS = YES_ERROR;
				CLANG_WARN_RANGE_LOOP_ANALYSIS = YES;
				CLANG_WARN_STRICT_PROTOTYPES = YES;
				CLANG_WARN_SUSPICIOUS_MOVE = YES;
				CLANG_WARN_UNGUARDED_AVAILABILITY = YES_AGGRESSIVE;
				CLANG_WARN_UNREACHABLE_CODE = YES;
				CLANG_WARN__DUPLICATE_METHOD_MATCH = YES;
				COPY_PHASE_STRIP = NO;
				DEBUG_INFORMATION_FORMAT = dwarf;
				ENABLE_STRICT_OBJC_MSGSEND = YES;
				ENABLE_TESTABILITY = YES;
				GCC_C_LANGUAGE_STANDARD = gnu11;
				GCC_DYNAMIC_NO_PIC = NO;
				GCC_NO_COMMON_BLOCKS = YES;
				GCC_OPTIMIZATION_LEVEL = 0;
				GCC_PREPROCESSOR_DEFINITIONS = (
					"DEBUG=1",
					"$(inherited)",
				);
				GCC_WARN_64_TO_32_BIT_CONVERSION = YES;
				GCC_WARN_ABOUT_RETURN_TYPE = YES_ERROR;
				GCC_WARN_UNDECLARED_SELECTOR = YES;
				GCC_WARN_UNINITIALIZED_AUTOS = YES_AGGRESSIVE;
				GCC_WARN_UNUSED_FUNCTION = YES;
				GCC_WARN_UNUSED_VARIABLE = YES;
				IPHONEOS_DEPLOYMENT_TARGET = 13.2;
				MTL_ENABLE_DEBUG_INFO = INCLUDE_SOURCE;
				MTL_FAST_MATH = YES;
				ONLY_ACTIVE_ARCH = YES;
				SDKROOT = iphoneos;
				SWIFT_ACTIVE_COMPILATION_CONDITIONS = DEBUG;
				SWIFT_OPTIMIZATION_LEVEL = "-Onone";
			};
			name = Debug;
		};
		6933C0952372DD3E004D6029 /* Release */ = {
			isa = XCBuildConfiguration;
			buildSettings = {
				ALWAYS_SEARCH_USER_PATHS = NO;
				CLANG_ANALYZER_NONNULL = YES;
				CLANG_ANALYZER_NUMBER_OBJECT_CONVERSION = YES_AGGRESSIVE;
				CLANG_CXX_LANGUAGE_STANDARD = "gnu++14";
				CLANG_CXX_LIBRARY = "libc++";
				CLANG_ENABLE_MODULES = YES;
				CLANG_ENABLE_OBJC_ARC = YES;
				CLANG_ENABLE_OBJC_WEAK = YES;
				CLANG_WARN_BLOCK_CAPTURE_AUTORELEASING = YES;
				CLANG_WARN_BOOL_CONVERSION = YES;
				CLANG_WARN_COMMA = YES;
				CLANG_WARN_CONSTANT_CONVERSION = YES;
				CLANG_WARN_DEPRECATED_OBJC_IMPLEMENTATIONS = YES;
				CLANG_WARN_DIRECT_OBJC_ISA_USAGE = YES_ERROR;
				CLANG_WARN_DOCUMENTATION_COMMENTS = YES;
				CLANG_WARN_EMPTY_BODY = YES;
				CLANG_WARN_ENUM_CONVERSION = YES;
				CLANG_WARN_INFINITE_RECURSION = YES;
				CLANG_WARN_INT_CONVERSION = YES;
				CLANG_WARN_NON_LITERAL_NULL_CONVERSION = YES;
				CLANG_WARN_OBJC_IMPLICIT_RETAIN_SELF = YES;
				CLANG_WARN_OBJC_LITERAL_CONVERSION = YES;
				CLANG_WARN_OBJC_ROOT_CLASS = YES_ERROR;
				CLANG_WARN_RANGE_LOOP_ANALYSIS = YES;
				CLANG_WARN_STRICT_PROTOTYPES = YES;
				CLANG_WARN_SUSPICIOUS_MOVE = YES;
				CLANG_WARN_UNGUARDED_AVAILABILITY = YES_AGGRESSIVE;
				CLANG_WARN_UNREACHABLE_CODE = YES;
				CLANG_WARN__DUPLICATE_METHOD_MATCH = YES;
				COPY_PHASE_STRIP = NO;
				DEBUG_INFORMATION_FORMAT = "dwarf-with-dsym";
				ENABLE_NS_ASSERTIONS = NO;
				ENABLE_STRICT_OBJC_MSGSEND = YES;
				GCC_C_LANGUAGE_STANDARD = gnu11;
				GCC_NO_COMMON_BLOCKS = YES;
				GCC_WARN_64_TO_32_BIT_CONVERSION = YES;
				GCC_WARN_ABOUT_RETURN_TYPE = YES_ERROR;
				GCC_WARN_UNDECLARED_SELECTOR = YES;
				GCC_WARN_UNINITIALIZED_AUTOS = YES_AGGRESSIVE;
				GCC_WARN_UNUSED_FUNCTION = YES;
				GCC_WARN_UNUSED_VARIABLE = YES;
				IPHONEOS_DEPLOYMENT_TARGET = 13.2;
				MTL_ENABLE_DEBUG_INFO = NO;
				MTL_FAST_MATH = YES;
				SDKROOT = iphoneos;
				SWIFT_COMPILATION_MODE = wholemodule;
				SWIFT_OPTIMIZATION_LEVEL = "-O";
				VALIDATE_PRODUCT = YES;
			};
			name = Release;
		};
		6933C0972372DD3E004D6029 /* Debug */ = {
			isa = XCBuildConfiguration;
			buildSettings = {
				ASSETCATALOG_COMPILER_APPICON_NAME = AppIcon;
				CODE_SIGN_IDENTITY = "Apple Development";
				CODE_SIGN_STYLE = Automatic;
				DEVELOPMENT_TEAM = 863G2S377K;
				INFOPLIST_FILE = MyLocations_App/Info.plist;
				LD_RUNPATH_SEARCH_PATHS = (
					"$(inherited)",
					"@executable_path/Frameworks",
				);
				PRODUCT_BUNDLE_IDENTIFIER = "VTI-D5.MyLocations-App";
				PRODUCT_NAME = "$(TARGET_NAME)";
				PROVISIONING_PROFILE_SPECIFIER = "";
				SWIFT_VERSION = 5.0;
				TARGETED_DEVICE_FAMILY = "1,2";
			};
			name = Debug;
		};
		6933C0982372DD3E004D6029 /* Release */ = {
			isa = XCBuildConfiguration;
			buildSettings = {
				ASSETCATALOG_COMPILER_APPICON_NAME = AppIcon;
				CODE_SIGN_IDENTITY = "Apple Development";
				CODE_SIGN_STYLE = Automatic;
				DEVELOPMENT_TEAM = 863G2S377K;
				INFOPLIST_FILE = MyLocations_App/Info.plist;
				LD_RUNPATH_SEARCH_PATHS = (
					"$(inherited)",
					"@executable_path/Frameworks",
				);
				PRODUCT_BUNDLE_IDENTIFIER = "VTI-D5.MyLocations-App";
				PRODUCT_NAME = "$(TARGET_NAME)";
				PROVISIONING_PROFILE_SPECIFIER = "";
				SWIFT_VERSION = 5.0;
				TARGETED_DEVICE_FAMILY = "1,2";
			};
			name = Release;
		};
/* End XCBuildConfiguration section */

/* Begin XCConfigurationList section */
		6933C07B2372DD3B004D6029 /* Build configuration list for PBXProject "MyLocations_App" */ = {
			isa = XCConfigurationList;
			buildConfigurations = (
				6933C0942372DD3E004D6029 /* Debug */,
				6933C0952372DD3E004D6029 /* Release */,
			);
			defaultConfigurationIsVisible = 0;
			defaultConfigurationName = Release;
		};
		6933C0962372DD3E004D6029 /* Build configuration list for PBXNativeTarget "MyLocations_App" */ = {
			isa = XCConfigurationList;
			buildConfigurations = (
				6933C0972372DD3E004D6029 /* Debug */,
				6933C0982372DD3E004D6029 /* Release */,
			);
			defaultConfigurationIsVisible = 0;
			defaultConfigurationName = Release;
		};
/* End XCConfigurationList section */

/* Begin XCVersionGroup section */
		69E4ECD123790D4300409393 /* DataModel.xcdatamodeld */ = {
			isa = XCVersionGroup;
			children = (
				69E4ECD223790D4300409393 /* DataModel.xcdatamodel */,
			);
			currentVersion = 69E4ECD223790D4300409393 /* DataModel.xcdatamodel */;
			path = DataModel.xcdatamodeld;
			sourceTree = "<group>";
			versionGroupType = wrapper.xcdatamodel;
		};
/* End XCVersionGroup section */
	};
	rootObject = 6933C0782372DD3B004D6029 /* Project object */;
}
